
Microsoft Visual Studio Solution File, Format Version 12.00
# Visual Studio Version 17
VisualStudioVersion = 17.2.32602.215
MinimumVisualStudioVersion = 10.0.40219.1
Project("{9A19103F-16F7-4668-BE54-9A1E7A4F7556}") = "azure-functions-powershell-library", "azure-functions-powershell-library\azure-functions-powershell-library.csproj", "{AA8C50CB-E5A8-4BF2-9EA7-EE57C8366916}"
EndProject
Global
	GlobalSection(SolutionConfigurationPlatforms) = preSolution
		Debug|Any CPU = Debug|Any CPU
		Release|Any CPU = Release|Any CPU
	EndGlobalSection
	GlobalSection(ProjectConfigurationPlatforms) = postSolution
		{AA8C50CB-E5A8-4BF2-9EA7-EE57C8366916}.Debug|Any CPU.ActiveCfg = Debug|Any CPU
		{AA8C50CB-E5A8-4BF2-9EA7-EE57C8366916}.Debug|Any CPU.Build.0 = Debug|Any CPU
		{AA8C50CB-E5A8-4BF2-9EA7-EE57C8366916}.Release|Any CPU.ActiveCfg = Release|Any CPU
		{AA8C50CB-E5A8-4BF2-9EA7-EE57C8366916}.Release|Any CPU.Build.0 = Release|Any CPU
	EndGlobalSection
	GlobalSection(SolutionProperties) = preSolution
		HideSolutionNode = FALSE
	EndGlobalSection
	GlobalSection(ExtensibilityGlobals) = postSolution
		SolutionGuid = {2C9BF311-D649-4634-9DAA-4A1141A68C9A}
	EndGlobalSection
EndGlobal
